{
  "requires": true,
  "lockfileVersion": 1,
  "dependencies": {
    "material-design-iconic-font": {
      "version": "2.2.0",
      "resolved": "https://registry.npmjs.org/material-design-iconic-font/-/material-design-iconic-font-2.2.0.tgz",
      "integrity": "sha1-ZsOxyIDvDLh8AsoqD5AP8P5/SA0="
    }
  }
}
